
Microsoft Visual Studio Solution File, Format Version 12.00
# Visual Studio Version 17
VisualStudioVersion = 17.14.36908.2 d17.14
MinimumVisualStudioVersion = 10.0.40219.1
Project("{FAE04EC0-301F-11D3-BF4B-00C04F79EFBC}") = "SV22T1020433.Admin", "SV22T1020433.Admin\SV22T1020433.Admin.csproj", "{75F1E39D-D37F-4FF2-8740-52DA5DD6DD3D}"
EndProject
Project("{FAE04EC0-301F-11D3-BF4B-00C04F79EFBC}") = "SV22T1020433.Shop", "SV22T1020433.Shop\SV22T1020433.Shop.csproj", "{791E7CF1-518C-4F19-9B01-5DF8392C4C5B}"
EndProject
Project("{FAE04EC0-301F-11D3-BF4B-00C04F79EFBC}") = "SV22T1020433.Models", "SV22T1020433.Models\SV22T1020433.Models.csproj", "{D568ED3A-8F52-4D3A-A3B2-497F25DDC346}"
EndProject
Project("{FAE04EC0-301F-11D3-BF4B-00C04F79EFBC}") = "SV22T1020433.DataLayers", "SV22T1020433.DataLayers\SV22T1020433.DataLayers.csproj", "{582DDFD4-0D34-4312-87B2-40F0DEB4B972}"
EndProject
Project("{FAE04EC0-301F-11D3-BF4B-00C04F79EFBC}") = "SV22T1020433.BusinessLayers", "SV22T1020433.BusinessLayers\SV22T1020433.BusinessLayers.csproj", "{B4ED56A7-365E-4E5F-A77D-730B71DF0BF2}"
EndProject
Project("{2150E333-8FDC-42A3-9474-1A3956D46DE8}") = "Applications", "Applications", "{02EA681E-C7D8-13C7-8484-4AC65E1B71E8}"
EndProject
Project("{2150E333-8FDC-42A3-9474-1A3956D46DE8}") = "Libraries", "Libraries", "{0AF97633-2C1E-4D74-9324-C5278FCC28CF}"
EndProject
Project("{2150E333-8FDC-42A3-9474-1A3956D46DE8}") = "Notes", "Notes", "{E7FE32F5-5BE7-4C5B-ACE6-71E2687A5ECD}"
	ProjectSection(SolutionItems) = preProject
		ChangeLog.md = ChangeLog.md
	EndProjectSection
EndProject
Global
	GlobalSection(SolutionConfigurationPlatforms) = preSolution
		Debug|Any CPU = Debug|Any CPU
		Release|Any CPU = Release|Any CPU
	EndGlobalSection
	GlobalSection(ProjectConfigurationPlatforms) = postSolution
		{75F1E39D-D37F-4FF2-8740-52DA5DD6DD3D}.Debug|Any CPU.ActiveCfg = Debug|Any CPU
		{75F1E39D-D37F-4FF2-8740-52DA5DD6DD3D}.Debug|Any CPU.Build.0 = Debug|Any CPU
		{75F1E39D-D37F-4FF2-8740-52DA5DD6DD3D}.Release|Any CPU.ActiveCfg = Release|Any CPU
		{75F1E39D-D37F-4FF2-8740-52DA5DD6DD3D}.Release|Any CPU.Build.0 = Release|Any CPU
		{791E7CF1-518C-4F19-9B01-5DF8392C4C5B}.Debug|Any CPU.ActiveCfg = Debug|Any CPU
		{791E7CF1-518C-4F19-9B01-5DF8392C4C5B}.Debug|Any CPU.Build.0 = Debug|Any CPU
		{791E7CF1-518C-4F19-9B01-5DF8392C4C5B}.Release|Any CPU.ActiveCfg = Release|Any CPU
		{791E7CF1-518C-4F19-9B01-5DF8392C4C5B}.Release|Any CPU.Build.0 = Release|Any CPU
		{D568ED3A-8F52-4D3A-A3B2-497F25DDC346}.Debug|Any CPU.ActiveCfg = Debug|Any CPU
		{D568ED3A-8F52-4D3A-A3B2-497F25DDC346}.Debug|Any CPU.Build.0 = Debug|Any CPU
		{D568ED3A-8F52-4D3A-A3B2-497F25DDC346}.Release|Any CPU.ActiveCfg = Release|Any CPU
		{D568ED3A-8F52-4D3A-A3B2-497F25DDC346}.Release|Any CPU.Build.0 = Release|Any CPU
		{582DDFD4-0D34-4312-87B2-40F0DEB4B972}.Debug|Any CPU.ActiveCfg = Debug|Any CPU
		{582DDFD4-0D34-4312-87B2-40F0DEB4B972}.Debug|Any CPU.Build.0 = Debug|Any CPU
		{582DDFD4-0D34-4312-87B2-40F0DEB4B972}.Release|Any CPU.ActiveCfg = Release|Any CPU
		{582DDFD4-0D34-4312-87B2-40F0DEB4B972}.Release|Any CPU.Build.0 = Release|Any CPU
		{B4ED56A7-365E-4E5F-A77D-730B71DF0BF2}.Debug|Any CPU.ActiveCfg = Debug|Any CPU
		{B4ED56A7-365E-4E5F-A77D-730B71DF0BF2}.Debug|Any CPU.Build.0 = Debug|Any CPU
		{B4ED56A7-365E-4E5F-A77D-730B71DF0BF2}.Release|Any CPU.ActiveCfg = Release|Any CPU
		{B4ED56A7-365E-4E5F-A77D-730B71DF0BF2}.Release|Any CPU.Build.0 = Release|Any CPU
	EndGlobalSection
	GlobalSection(SolutionProperties) = preSolution
		HideSolutionNode = FALSE
	EndGlobalSection
	GlobalSection(NestedProjects) = preSolution
		{75F1E39D-D37F-4FF2-8740-52DA5DD6DD3D} = {02EA681E-C7D8-13C7-8484-4AC65E1B71E8}
		{791E7CF1-518C-4F19-9B01-5DF8392C4C5B} = {02EA681E-C7D8-13C7-8484-4AC65E1B71E8}
		{D568ED3A-8F52-4D3A-A3B2-497F25DDC346} = {0AF97633-2C1E-4D74-9324-C5278FCC28CF}
		{582DDFD4-0D34-4312-87B2-40F0DEB4B972} = {0AF97633-2C1E-4D74-9324-C5278FCC28CF}
		{B4ED56A7-365E-4E5F-A77D-730B71DF0BF2} = {0AF97633-2C1E-4D74-9324-C5278FCC28CF}
	EndGlobalSection
	GlobalSection(ExtensibilityGlobals) = postSolution
		SolutionGuid = {A3CAED4D-6559-4023-AD87-6FD8A9E08731}
	EndGlobalSection
EndGlobal
